
Microsoft Visual Studio Solution File, Format Version 12.00
# Visual Studio 15
Project("{FAE04EC0-301F-11D3-BF4B-00C04F79EFBC}") = "CanvasTest", "CanvasTest\CanvasTest.csproj", "{C377DB73-945F-4E7A-AF62-22BC4CB499A3}"
EndProject
Global
	GlobalSection(SolutionConfigurationPlatforms) = preSolution
		Debug|x86 = Debug|x86
		Release|x86 = Release|x86
	EndGlobalSection
	GlobalSection(ProjectConfigurationPlatforms) = postSolution
		{C377DB73-945F-4E7A-AF62-22BC4CB499A3}.Debug|x86.ActiveCfg = Debug|x86
		{C377DB73-945F-4E7A-AF62-22BC4CB499A3}.Debug|x86.Build.0 = Debug|x86
		{C377DB73-945F-4E7A-AF62-22BC4CB499A3}.Release|x86.ActiveCfg = Release|x86
		{C377DB73-945F-4E7A-AF62-22BC4CB499A3}.Release|x86.Build.0 = Release|x86
	EndGlobalSection
EndGlobal
